
Microsoft Visual Studio Solution File, Format Version 12.00
# Visual Studio Version 17
VisualStudioVersion = 17.14.36414.22 d17.14
MinimumVisualStudioVersion = 10.0.40219.1
Project("{FAE04EC0-301F-11D3-BF4B-00C04F79EFBC}") = "BlazorApp2", "BlazorApp2.csproj", "{F43C697C-0164-4728-B4CD-7174F22C981E}"
EndProject
Global
	GlobalSection(SolutionConfigurationPlatforms) = preSolution
		Debug|Any CPU = Debug|Any CPU
		Release|Any CPU = Release|Any CPU
	EndGlobalSection
	GlobalSection(ProjectConfigurationPlatforms) = postSolution
		{F43C697C-0164-4728-B4CD-7174F22C981E}.Debug|Any CPU.ActiveCfg = Debug|Any CPU
		{F43C697C-0164-4728-B4CD-7174F22C981E}.Debug|Any CPU.Build.0 = Debug|Any CPU
		{F43C697C-0164-4728-B4CD-7174F22C981E}.Release|Any CPU.ActiveCfg = Release|Any CPU
		{F43C697C-0164-4728-B4CD-7174F22C981E}.Release|Any CPU.Build.0 = Release|Any CPU
	EndGlobalSection
	GlobalSection(SolutionProperties) = preSolution
		HideSolutionNode = FALSE
	EndGlobalSection
	GlobalSection(ExtensibilityGlobals) = postSolution
		SolutionGuid = {48315E1A-D360-4A27-B486-2C2E08331F36}
	EndGlobalSection
EndGlobal
